
Microsoft Visual Studio Solution File, Format Version 12.00
# Visual Studio Version 16
VisualStudioVersion = 16.0.29905.134
MinimumVisualStudioVersion = 10.0.40219.1
Project("{2150E333-8FDC-42A3-9474-1A3956D46DE8}") = "PL", "PL", "{D219020A-6A1B-4D40-AEB1-05731923AA65}"
EndProject
Project("{2150E333-8FDC-42A3-9474-1A3956D46DE8}") = "BLL", "BLL", "{EE193219-40E9-4BD1-ABBC-3AC1D9D9FE2A}"
EndProject
Project("{2150E333-8FDC-42A3-9474-1A3956D46DE8}") = "DAL", "DAL", "{BD78F64D-780F-4C0D-A48D-C6C0ED24D196}"
EndProject
Project("{FAE04EC0-301F-11D3-BF4B-00C04F79EFBC}") = "SSU.IskalievaLE.BLL.Interface", "SSU.IskalievaLE.BLL.Interface\SSU.IskalievaLE.BLL.Interface.csproj", "{9B73F793-DA7C-4B1B-AFB1-FF8A13E8C0FC}"
EndProject
Project("{FAE04EC0-301F-11D3-BF4B-00C04F79EFBC}") = "SSU.IskalievaLE.DAL.Interface", "SSU.IskalievaLE.DAL.Interface\SSU.IskalievaLE.DAL.Interface.csproj", "{4FA1002D-A52B-416B-9741-132F2CE95CD3}"
EndProject
Project("{FAE04EC0-301F-11D3-BF4B-00C04F79EFBC}") = "SSU.IskalievaLE.ConsolePL", "SSU.IskalievaLE.ConsolePL\SSU.IskalievaLE.ConsolePL.csproj", "{AB0F7DAB-4B2D-4EAD-AD7B-4ACF3FB4BCD0}"
EndProject
Project("{2150E333-8FDC-42A3-9474-1A3956D46DE8}") = "Common", "Common", "{36404742-8B6B-469D-BEFD-FAC440FF0F71}"
EndProject
Project("{FAE04EC0-301F-11D3-BF4B-00C04F79EFBC}") = "SSU.IskalievaLE.Entities", "SSU.IskalievaLE.Entities\SSU.IskalievaLE.Entities.csproj", "{7709861F-2909-4306-99EF-372A82E90891}"
EndProject
Project("{FAE04EC0-301F-11D3-BF4B-00C04F79EFBC}") = "SSU.IskalievaLE.DAL", "SSU.IskalievaLE.DAL\SSU.IskalievaLE.DAL.csproj", "{37DE5C42-81C6-4C00-8EF5-766DAD9E0D9F}"
EndProject
Project("{FAE04EC0-301F-11D3-BF4B-00C04F79EFBC}") = "SSU.IskalievaLE.BLL", "SSU.IskalievaLE.BLL\SSU.IskalievaLE.BLL.csproj", "{9869AA41-D5F7-4219-8E86-2861DDF220E4}"
EndProject
Global
	GlobalSection(SolutionConfigurationPlatforms) = preSolution
		Debug|Any CPU = Debug|Any CPU
		Release|Any CPU = Release|Any CPU
	EndGlobalSection
	GlobalSection(ProjectConfigurationPlatforms) = postSolution
		{9B73F793-DA7C-4B1B-AFB1-FF8A13E8C0FC}.Debug|Any CPU.ActiveCfg = Debug|Any CPU
		{9B73F793-DA7C-4B1B-AFB1-FF8A13E8C0FC}.Debug|Any CPU.Build.0 = Debug|Any CPU
		{9B73F793-DA7C-4B1B-AFB1-FF8A13E8C0FC}.Release|Any CPU.ActiveCfg = Release|Any CPU
		{9B73F793-DA7C-4B1B-AFB1-FF8A13E8C0FC}.Release|Any CPU.Build.0 = Release|Any CPU
		{4FA1002D-A52B-416B-9741-132F2CE95CD3}.Debug|Any CPU.ActiveCfg = Debug|Any CPU
		{4FA1002D-A52B-416B-9741-132F2CE95CD3}.Debug|Any CPU.Build.0 = Debug|Any CPU
		{4FA1002D-A52B-416B-9741-132F2CE95CD3}.Release|Any CPU.ActiveCfg = Release|Any CPU
		{4FA1002D-A52B-416B-9741-132F2CE95CD3}.Release|Any CPU.Build.0 = Release|Any CPU
		{AB0F7DAB-4B2D-4EAD-AD7B-4ACF3FB4BCD0}.Debug|Any CPU.ActiveCfg = Debug|Any CPU
		{AB0F7DAB-4B2D-4EAD-AD7B-4ACF3FB4BCD0}.Debug|Any CPU.Build.0 = Debug|Any CPU
		{AB0F7DAB-4B2D-4EAD-AD7B-4ACF3FB4BCD0}.Release|Any CPU.ActiveCfg = Release|Any CPU
		{AB0F7DAB-4B2D-4EAD-AD7B-4ACF3FB4BCD0}.Release|Any CPU.Build.0 = Release|Any CPU
		{7709861F-2909-4306-99EF-372A82E90891}.Debug|Any CPU.ActiveCfg = Debug|Any CPU
		{7709861F-2909-4306-99EF-372A82E90891}.Debug|Any CPU.Build.0 = Debug|Any CPU
		{7709861F-2909-4306-99EF-372A82E90891}.Release|Any CPU.ActiveCfg = Release|Any CPU
		{7709861F-2909-4306-99EF-372A82E90891}.Release|Any CPU.Build.0 = Release|Any CPU
		{37DE5C42-81C6-4C00-8EF5-766DAD9E0D9F}.Debug|Any CPU.ActiveCfg = Debug|Any CPU
		{37DE5C42-81C6-4C00-8EF5-766DAD9E0D9F}.Debug|Any CPU.Build.0 = Debug|Any CPU
		{37DE5C42-81C6-4C00-8EF5-766DAD9E0D9F}.Release|Any CPU.ActiveCfg = Release|Any CPU
		{37DE5C42-81C6-4C00-8EF5-766DAD9E0D9F}.Release|Any CPU.Build.0 = Release|Any CPU
		{9869AA41-D5F7-4219-8E86-2861DDF220E4}.Debug|Any CPU.ActiveCfg = Debug|Any CPU
		{9869AA41-D5F7-4219-8E86-2861DDF220E4}.Debug|Any CPU.Build.0 = Debug|Any CPU
		{9869AA41-D5F7-4219-8E86-2861DDF220E4}.Release|Any CPU.ActiveCfg = Release|Any CPU
		{9869AA41-D5F7-4219-8E86-2861DDF220E4}.Release|Any CPU.Build.0 = Release|Any CPU
	EndGlobalSection
	GlobalSection(SolutionProperties) = preSolution
		HideSolutionNode = FALSE
	EndGlobalSection
	GlobalSection(NestedProjects) = preSolution
		{9B73F793-DA7C-4B1B-AFB1-FF8A13E8C0FC} = {EE193219-40E9-4BD1-ABBC-3AC1D9D9FE2A}
		{4FA1002D-A52B-416B-9741-132F2CE95CD3} = {BD78F64D-780F-4C0D-A48D-C6C0ED24D196}
		{AB0F7DAB-4B2D-4EAD-AD7B-4ACF3FB4BCD0} = {D219020A-6A1B-4D40-AEB1-05731923AA65}
		{7709861F-2909-4306-99EF-372A82E90891} = {36404742-8B6B-469D-BEFD-FAC440FF0F71}
		{37DE5C42-81C6-4C00-8EF5-766DAD9E0D9F} = {BD78F64D-780F-4C0D-A48D-C6C0ED24D196}
		{9869AA41-D5F7-4219-8E86-2861DDF220E4} = {EE193219-40E9-4BD1-ABBC-3AC1D9D9FE2A}
	EndGlobalSection
	GlobalSection(ExtensibilityGlobals) = postSolution
		SolutionGuid = {F6DE661D-298B-4FB7-BBBC-BBEDB947C48D}
	EndGlobalSection
EndGlobal
